
Microsoft Visual Studio Solution File, Format Version 12.00
# Visual Studio Version 17
VisualStudioVersion = 17.8.34525.116
MinimumVisualStudioVersion = 10.0.40219.1
Project("{FAE04EC0-301F-11D3-BF4B-00C04F79EFBC}") = "Test1", "Test1\Test1.csproj", "{2449B252-5424-4385-9919-D51453590DA4}"
EndProject
Project("{FAE04EC0-301F-11D3-BF4B-00C04F79EFBC}") = "Test2", "Test2\Test2.csproj", "{97CC7A4D-8177-437E-8826-B74B9B4D1A9B}"
EndProject
Project("{FAE04EC0-301F-11D3-BF4B-00C04F79EFBC}") = "Test3", "Test3\Test3.csproj", "{ED85BB52-FB0A-49AC-90FC-C49F7D7588C2}"
EndProject
Global
	GlobalSection(SolutionConfigurationPlatforms) = preSolution
		Debug|Any CPU = Debug|Any CPU
		Release|Any CPU = Release|Any CPU
	EndGlobalSection
	GlobalSection(ProjectConfigurationPlatforms) = postSolution
		{2449B252-5424-4385-9919-D51453590DA4}.Debug|Any CPU.ActiveCfg = Debug|Any CPU
		{2449B252-5424-4385-9919-D51453590DA4}.Debug|Any CPU.Build.0 = Debug|Any CPU
		{2449B252-5424-4385-9919-D51453590DA4}.Release|Any CPU.ActiveCfg = Release|Any CPU
		{2449B252-5424-4385-9919-D51453590DA4}.Release|Any CPU.Build.0 = Release|Any CPU
		{97CC7A4D-8177-437E-8826-B74B9B4D1A9B}.Debug|Any CPU.ActiveCfg = Debug|Any CPU
		{97CC7A4D-8177-437E-8826-B74B9B4D1A9B}.Debug|Any CPU.Build.0 = Debug|Any CPU
		{97CC7A4D-8177-437E-8826-B74B9B4D1A9B}.Release|Any CPU.ActiveCfg = Release|Any CPU
		{97CC7A4D-8177-437E-8826-B74B9B4D1A9B}.Release|Any CPU.Build.0 = Release|Any CPU
		{ED85BB52-FB0A-49AC-90FC-C49F7D7588C2}.Debug|Any CPU.ActiveCfg = Debug|Any CPU
		{ED85BB52-FB0A-49AC-90FC-C49F7D7588C2}.Debug|Any CPU.Build.0 = Debug|Any CPU
		{ED85BB52-FB0A-49AC-90FC-C49F7D7588C2}.Release|Any CPU.ActiveCfg = Release|Any CPU
		{ED85BB52-FB0A-49AC-90FC-C49F7D7588C2}.Release|Any CPU.Build.0 = Release|Any CPU
	EndGlobalSection
	GlobalSection(SolutionProperties) = preSolution
		HideSolutionNode = FALSE
	EndGlobalSection
	GlobalSection(ExtensibilityGlobals) = postSolution
		SolutionGuid = {45D7BB67-DB86-4349-9708-1A7D6B9BE93B}
	EndGlobalSection
EndGlobal
